// !$*UTF8*$!
{
	archiveVersion = 1;
	classes = {
	};
	objectVersion = 56;
	objects = {

/* Begin PBXBuildFile section */
		331D961C29734E8D006ED62A /* PrayerAppApp.swift in Sources */ = {isa = PBXBuildFile; fileRef = 331D961B29734E8D006ED62A /* PrayerAppApp.swift */; };
		331D961E29734E8D006ED62A /* ContentView.swift in Sources */ = {isa = PBXBuildFile; fileRef = 331D961D29734E8D006ED62A /* ContentView.swift */; };
		331D962029734E8F006ED62A /* Assets.xcassets in Resources */ = {isa = PBXBuildFile; fileRef = 331D961F29734E8F006ED62A /* Assets.xcassets */; };
		331D962429734E8F006ED62A /* Preview Assets.xcassets in Resources */ = {isa = PBXBuildFile; fileRef = 331D962329734E8F006ED62A /* Preview Assets.xcassets */; };
		331D962E29734E8F006ED62A /* PrayerAppTests.swift in Sources */ = {isa = PBXBuildFile; fileRef = 331D962D29734E8F006ED62A /* PrayerAppTests.swift */; };
		331D963829734E8F006ED62A /* PrayerAppUITests.swift in Sources */ = {isa = PBXBuildFile; fileRef = 331D963729734E8F006ED62A /* PrayerAppUITests.swift */; };
		331D963A29734E8F006ED62A /* PrayerAppUITestsLaunchTests.swift in Sources */ = {isa = PBXBuildFile; fileRef = 331D963929734E8F006ED62A /* PrayerAppUITestsLaunchTests.swift */; };
		331D964729734EB6006ED62A /* SessionData.swift in Sources */ = {isa = PBXBuildFile; fileRef = 331D964629734EB6006ED62A /* SessionData.swift */; };
		331D964929735093006ED62A /* LoginView.swift in Sources */ = {isa = PBXBuildFile; fileRef = 331D964829735093006ED62A /* LoginView.swift */; };
		33A2D3AD29735CCD0050F885 /* MainView.swift in Sources */ = {isa = PBXBuildFile; fileRef = 33A2D3AC29735CCD0050F885 /* MainView.swift */; };
		33A2D3AF29735CEF0050F885 /* DevotionalMeshView.swift in Sources */ = {isa = PBXBuildFile; fileRef = 33A2D3AE29735CEF0050F885 /* DevotionalMeshView.swift */; };
		33A2D3B229735E190050F885 /* User.swift in Sources */ = {isa = PBXBuildFile; fileRef = 33A2D3B129735E190050F885 /* User.swift */; };
		33E0C772298A07910092F3F5 /* Login.swift in Sources */ = {isa = PBXBuildFile; fileRef = 33E0C771298A07910092F3F5 /* Login.swift */; };
/* End PBXBuildFile section */

/* Begin PBXContainerItemProxy section */
		331D962A29734E8F006ED62A /* PBXContainerItemProxy */ = {
			isa = PBXContainerItemProxy;
			containerPortal = 331D961029734E8D006ED62A /* Project object */;
			proxyType = 1;
			remoteGlobalIDString = 331D961729734E8D006ED62A;
			remoteInfo = PrayerApp;
		};
		331D963429734E8F006ED62A /* PBXContainerItemProxy */ = {
			isa = PBXContainerItemProxy;
			containerPortal = 331D961029734E8D006ED62A /* Project object */;
			proxyType = 1;
			remoteGlobalIDString = 331D961729734E8D006ED62A;
			remoteInfo = PrayerApp;
		};
/* End PBXContainerItemProxy section */

/* Begin PBXFileReference section */
		331D961829734E8D006ED62A /* PrayerApp.app */ = {isa = PBXFileReference; explicitFileType = wrapper.application; includeInIndex = 0; path = PrayerApp.app; sourceTree = BUILT_PRODUCTS_DIR; };
		331D961B29734E8D006ED62A /* PrayerAppApp.swift */ = {isa = PBXFileReference; lastKnownFileType = sourcecode.swift; path = PrayerAppApp.swift; sourceTree = "<group>"; };
		331D961D29734E8D006ED62A /* ContentView.swift */ = {isa = PBXFileReference; lastKnownFileType = sourcecode.swift; path = ContentView.swift; sourceTree = "<group>"; };
		331D961F29734E8F006ED62A /* Assets.xcassets */ = {isa = PBXFileReference; lastKnownFileType = folder.assetcatalog; path = Assets.xcassets; sourceTree = "<group>"; };
		331D962129734E8F006ED62A /* PrayerApp.entitlements */ = {isa = PBXFileReference; lastKnownFileType = text.plist.entitlements; path = PrayerApp.entitlements; sourceTree = "<group>"; };
		331D962329734E8F006ED62A /* Preview Assets.xcassets */ = {isa = PBXFileReference; lastKnownFileType = folder.assetcatalog; path = "Preview Assets.xcassets"; sourceTree = "<group>"; };
		331D962929734E8F006ED62A /* PrayerAppTests.xctest */ = {isa = PBXFileReference; explicitFileType = wrapper.cfbundle; includeInIndex = 0; path = PrayerAppTests.xctest; sourceTree = BUILT_PRODUCTS_DIR; };
		331D962D29734E8F006ED62A /* PrayerAppTests.swift */ = {isa = PBXFileReference; lastKnownFileType = sourcecode.swift; path = PrayerAppTests.swift; sourceTree = "<group>"; };
		331D963329734E8F006ED62A /* PrayerAppUITests.xctest */ = {isa = PBXFileReference; explicitFileType = wrapper.cfbundle; includeInIndex = 0; path = PrayerAppUITests.xctest; sourceTree = BUILT_PRODUCTS_DIR; };
		331D963729734E8F006ED62A /* PrayerAppUITests.swift */ = {isa = PBXFileReference; lastKnownFileType = sourcecode.swift; path = PrayerAppUITests.swift; sourceTree = "<group>"; };
		331D963929734E8F006ED62A /* PrayerAppUITestsLaunchTests.swift */ = {isa = PBXFileReference; lastKnownFileType = sourcecode.swift; path = PrayerAppUITestsLaunchTests.swift; sourceTree = "<group>"; };
		331D964629734EB6006ED62A /* SessionData.swift */ = {isa = PBXFileReference; lastKnownFileType = sourcecode.swift; path = SessionData.swift; sourceTree = "<group>"; };
		331D964829735093006ED62A /* LoginView.swift */ = {isa = PBXFileReference; lastKnownFileType = sourcecode.swift; path = LoginView.swift; sourceTree = "<group>"; };
		33A2D3AC29735CCD0050F885 /* MainView.swift */ = {isa = PBXFileReference; lastKnownFileType = sourcecode.swift; path = MainView.swift; sourceTree = "<group>"; };
		33A2D3AE29735CEF0050F885 /* DevotionalMeshView.swift */ = {isa = PBXFileReference; lastKnownFileType = sourcecode.swift; path = DevotionalMeshView.swift; sourceTree = "<group>"; };
		33A2D3B129735E190050F885 /* User.swift */ = {isa = PBXFileReference; lastKnownFileType = sourcecode.swift; path = User.swift; sourceTree = "<group>"; };
		33E0C771298A07910092F3F5 /* Login.swift */ = {isa = PBXFileReference; lastKnownFileType = sourcecode.swift; path = Login.swift; sourceTree = "<group>"; };
/* End PBXFileReference section */

/* Begin PBXFrameworksBuildPhase section */
		331D961529734E8D006ED62A /* Frameworks */ = {
			isa = PBXFrameworksBuildPhase;
			buildActionMask = 2147483647;
			files = (
			);
			runOnlyForDeploymentPostprocessing = 0;
		};
		331D962629734E8F006ED62A /* Frameworks */ = {
			isa = PBXFrameworksBuildPhase;
			buildActionMask = 2147483647;
			files = (
			);
			runOnlyForDeploymentPostprocessing = 0;
		};
		331D963029734E8F006ED62A /* Frameworks */ = {
			isa = PBXFrameworksBuildPhase;
			buildActionMask = 2147483647;
			files = (
			);
			runOnlyForDeploymentPostprocessing = 0;
		};
/* End PBXFrameworksBuildPhase section */

/* Begin PBXGroup section */
		331D960F29734E8D006ED62A = {
			isa = PBXGroup;
			children = (
				331D961A29734E8D006ED62A /* PrayerApp */,
				331D962C29734E8F006ED62A /* PrayerAppTests */,
				331D963629734E8F006ED62A /* PrayerAppUITests */,
				331D961929734E8D006ED62A /* Products */,
			);
			sourceTree = "<group>";
		};
		331D961929734E8D006ED62A /* Products */ = {
			isa = PBXGroup;
			children = (
				331D961829734E8D006ED62A /* PrayerApp.app */,
				331D962929734E8F006ED62A /* PrayerAppTests.xctest */,
				331D963329734E8F006ED62A /* PrayerAppUITests.xctest */,
			);
			name = Products;
			sourceTree = "<group>";
		};
		331D961A29734E8D006ED62A /* PrayerApp */ = {
			isa = PBXGroup;
			children = (
				331D961B29734E8D006ED62A /* PrayerAppApp.swift */,
				331D961D29734E8D006ED62A /* ContentView.swift */,
				331D964829735093006ED62A /* LoginView.swift */,
				33A2D3AC29735CCD0050F885 /* MainView.swift */,
				33A2D3AE29735CEF0050F885 /* DevotionalMeshView.swift */,
				33E0C770298A071E0092F3F5 /* API */,
				33A2D3B029735DB00050F885 /* Session */,
				331D961F29734E8F006ED62A /* Assets.xcassets */,
				331D962129734E8F006ED62A /* PrayerApp.entitlements */,
				331D962229734E8F006ED62A /* Preview Content */,
			);
			path = PrayerApp;
			sourceTree = "<group>";
		};
		331D962229734E8F006ED62A /* Preview Content */ = {
			isa = PBXGroup;
			children = (
				331D962329734E8F006ED62A /* Preview Assets.xcassets */,
			);
			path = "Preview Content";
			sourceTree = "<group>";
		};
		331D962C29734E8F006ED62A /* PrayerAppTests */ = {
			isa = PBXGroup;
			children = (
				331D962D29734E8F006ED62A /* PrayerAppTests.swift */,
			);
			path = PrayerAppTests;
			sourceTree = "<group>";
		};
		331D963629734E8F006ED62A /* PrayerAppUITests */ = {
			isa = PBXGroup;
			children = (
				331D963729734E8F006ED62A /* PrayerAppUITests.swift */,
				331D963929734E8F006ED62A /* PrayerAppUITestsLaunchTests.swift */,
			);
			path = PrayerAppUITests;
			sourceTree = "<group>";
		};
		33A2D3B029735DB00050F885 /* Session */ = {
			isa = PBXGroup;
			children = (
				331D964629734EB6006ED62A /* SessionData.swift */,
				33A2D3B129735E190050F885 /* User.swift */,
			);
			path = Session;
			sourceTree = "<group>";
		};
		33E0C770298A071E0092F3F5 /* API */ = {
			isa = PBXGroup;
			children = (
				33E0C771298A07910092F3F5 /* Login.swift */,
			);
			path = API;
			sourceTree = "<group>";
		};
/* End PBXGroup section */

/* Begin PBXNativeTarget section */
		331D961729734E8D006ED62A /* PrayerApp */ = {
			isa = PBXNativeTarget;
			buildConfigurationList = 331D963D29734E8F006ED62A /* Build configuration list for PBXNativeTarget "PrayerApp" */;
			buildPhases = (
				331D961429734E8D006ED62A /* Sources */,
				331D961529734E8D006ED62A /* Frameworks */,
				331D961629734E8D006ED62A /* Resources */,
			);
			buildRules = (
			);
			dependencies = (
			);
			name = PrayerApp;
			productName = PrayerApp;
			productReference = 331D961829734E8D006ED62A /* PrayerApp.app */;
			productType = "com.apple.product-type.application";
		};
		331D962829734E8F006ED62A /* PrayerAppTests */ = {
			isa = PBXNativeTarget;
			buildConfigurationList = 331D964029734E8F006ED62A /* Build configuration list for PBXNativeTarget "PrayerAppTests" */;
			buildPhases = (
				331D962529734E8F006ED62A /* Sources */,
				331D962629734E8F006ED62A /* Frameworks */,
				331D962729734E8F006ED62A /* Resources */,
			);
			buildRules = (
			);
			dependencies = (
				331D962B29734E8F006ED62A /* PBXTargetDependency */,
			);
			name = PrayerAppTests;
			productName = PrayerAppTests;
			productReference = 331D962929734E8F006ED62A /* PrayerAppTests.xctest */;
			productType = "com.apple.product-type.bundle.unit-test";
		};
		331D963229734E8F006ED62A /* PrayerAppUITests */ = {
			isa = PBXNativeTarget;
			buildConfigurationList = 331D964329734E8F006ED62A /* Build configuration list for PBXNativeTarget "PrayerAppUITests" */;
			buildPhases = (
				331D962F29734E8F006ED62A /* Sources */,
				331D963029734E8F006ED62A /* Frameworks */,
				331D963129734E8F006ED62A /* Resources */,
			);
			buildRules = (
			);
			dependencies = (
				331D963529734E8F006ED62A /* PBXTargetDependency */,
			);
			name = PrayerAppUITests;
			productName = PrayerAppUITests;
			productReference = 331D963329734E8F006ED62A /* PrayerAppUITests.xctest */;
			productType = "com.apple.product-type.bundle.ui-testing";
		};
/* End PBXNativeTarget section */

/* Begin PBXProject section */
		331D961029734E8D006ED62A /* Project object */ = {
			isa = PBXProject;
			attributes = {
				BuildIndependentTargetsInParallel = 1;
				LastSwiftUpdateCheck = 1420;
				LastUpgradeCheck = 1420;
				TargetAttributes = {
					331D961729734E8D006ED62A = {
						CreatedOnToolsVersion = 14.2;
					};
					331D962829734E8F006ED62A = {
						CreatedOnToolsVersion = 14.2;
						TestTargetID = 331D961729734E8D006ED62A;
					};
					331D963229734E8F006ED62A = {
						CreatedOnToolsVersion = 14.2;
						TestTargetID = 331D961729734E8D006ED62A;
					};
				};
			};
			buildConfigurationList = 331D961329734E8D006ED62A /* Build configuration list for PBXProject "PrayerApp" */;
			compatibilityVersion = "Xcode 14.0";
			developmentRegion = en;
			hasScannedForEncodings = 0;
			knownRegions = (
				en,
				Base,
			);
			mainGroup = 331D960F29734E8D006ED62A;
			productRefGroup = 331D961929734E8D006ED62A /* Products */;
			projectDirPath = "";
			projectRoot = "";
			targets = (
				331D961729734E8D006ED62A /* PrayerApp */,
				331D962829734E8F006ED62A /* PrayerAppTests */,
				331D963229734E8F006ED62A /* PrayerAppUITests */,
			);
		};
/* End PBXProject section */

/* Begin PBXResourcesBuildPhase section */
		331D961629734E8D006ED62A /* Resources */ = {
			isa = PBXResourcesBuildPhase;
			buildActionMask = 2147483647;
			files = (
				331D962429734E8F006ED62A /* Preview Assets.xcassets in Resources */,
				331D962029734E8F006ED62A /* Assets.xcassets in Resources */,
			);
			runOnlyForDeploymentPostprocessing = 0;
		};
		331D962729734E8F006ED62A /* Resources */ = {
			isa = PBXResourcesBuildPhase;
			buildActionMask = 2147483647;
			files = (
			);
			runOnlyForDeploymentPostprocessing = 0;
		};
		331D963129734E8F006ED62A /* Resources */ = {
			isa = PBXResourcesBuildPhase;
			buildActionMask = 2147483647;
			files = (
			);
			runOnlyForDeploymentPostprocessing = 0;
		};
/* End PBXResourcesBuildPhase section */

/* Begin PBXSourcesBuildPhase section */
		331D961429734E8D006ED62A /* Sources */ = {
			isa = PBXSourcesBuildPhase;
			buildActionMask = 2147483647;
			files = (
				331D961E29734E8D006ED62A /* ContentView.swift in Sources */,
				331D964729734EB6006ED62A /* SessionData.swift in Sources */,
				331D964929735093006ED62A /* LoginView.swift in Sources */,
				33A2D3AF29735CEF0050F885 /* DevotionalMeshView.swift in Sources */,
				33A2D3AD29735CCD0050F885 /* MainView.swift in Sources */,
				331D961C29734E8D006ED62A /* PrayerAppApp.swift in Sources */,
				33A2D3B229735E190050F885 /* User.swift in Sources */,
				33E0C772298A07910092F3F5 /* Login.swift in Sources */,
			);
			runOnlyForDeploymentPostprocessing = 0;
		};
		331D962529734E8F006ED62A /* Sources */ = {
			isa = PBXSourcesBuildPhase;
			buildActionMask = 2147483647;
			files = (
				331D962E29734E8F006ED62A /* PrayerAppTests.swift in Sources */,
			);
			runOnlyForDeploymentPostprocessing = 0;
		};
		331D962F29734E8F006ED62A /* Sources */ = {
			isa = PBXSourcesBuildPhase;
			buildActionMask = 2147483647;
			files = (
				331D963829734E8F006ED62A /* PrayerAppUITests.swift in Sources */,
				331D963A29734E8F006ED62A /* PrayerAppUITestsLaunchTests.swift in Sources */,
			);
			runOnlyForDeploymentPostprocessing = 0;
		};
/* End PBXSourcesBuildPhase section */

/* Begin PBXTargetDependency section */
		331D962B29734E8F006ED62A /* PBXTargetDependency */ = {
			isa = PBXTargetDependency;
			target = 331D961729734E8D006ED62A /* PrayerApp */;
			targetProxy = 331D962A29734E8F006ED62A /* PBXContainerItemProxy */;
		};
		331D963529734E8F006ED62A /* PBXTargetDependency */ = {
			isa = PBXTargetDependency;
			target = 331D961729734E8D006ED62A /* PrayerApp */;
			targetProxy = 331D963429734E8F006ED62A /* PBXContainerItemProxy */;
		};
/* End PBXTargetDependency section */

/* Begin XCBuildConfiguration section */
		331D963B29734E8F006ED62A /* Debug */ = {
			isa = XCBuildConfiguration;
			buildSettings = {
				ALWAYS_SEARCH_USER_PATHS = NO;
				CLANG_ANALYZER_NONNULL = YES;
				CLANG_ANALYZER_NUMBER_OBJECT_CONVERSION = YES_AGGRESSIVE;
				CLANG_CXX_LANGUAGE_STANDARD = "gnu++20";
				CLANG_ENABLE_MODULES = YES;
				CLANG_ENABLE_OBJC_ARC = YES;
				CLANG_ENABLE_OBJC_WEAK = YES;
				CLANG_WARN_BLOCK_CAPTURE_AUTORELEASING = YES;
				CLANG_WARN_BOOL_CONVERSION = YES;
				CLANG_WARN_COMMA = YES;
				CLANG_WARN_CONSTANT_CONVERSION = YES;
				CLANG_WARN_DEPRECATED_OBJC_IMPLEMENTATIONS = YES;
				CLANG_WARN_DIRECT_OBJC_ISA_USAGE = YES_ERROR;
				CLANG_WARN_DOCUMENTATION_COMMENTS = YES;
				CLANG_WARN_EMPTY_BODY = YES;
				CLANG_WARN_ENUM_CONVERSION = YES;
				CLANG_WARN_INFINITE_RECURSION = YES;
				CLANG_WARN_INT_CONVERSION = YES;
				CLANG_WARN_NON_LITERAL_NULL_CONVERSION = YES;
				CLANG_WARN_OBJC_IMPLICIT_RETAIN_SELF = YES;
				CLANG_WARN_OBJC_LITERAL_CONVERSION = YES;
				CLANG_WARN_OBJC_ROOT_CLASS = YES_ERROR;
				CLANG_WARN_QUOTED_INCLUDE_IN_FRAMEWORK_HEADER = YES;
				CLANG_WARN_RANGE_LOOP_ANALYSIS = YES;
				CLANG_WARN_STRICT_PROTOTYPES = YES;
				CLANG_WARN_SUSPICIOUS_MOVE = YES;
				CLANG_WARN_UNGUARDED_AVAILABILITY = YES_AGGRESSIVE;
				CLANG_WARN_UNREACHABLE_CODE = YES;
				CLANG_WARN__DUPLICATE_METHOD_MATCH = YES;
				COPY_PHASE_STRIP = NO;
				DEBUG_INFORMATION_FORMAT = dwarf;
				ENABLE_STRICT_OBJC_MSGSEND = YES;
				ENABLE_TESTABILITY = YES;
				GCC_C_LANGUAGE_STANDARD = gnu11;
				GCC_DYNAMIC_NO_PIC = NO;
				GCC_NO_COMMON_BLOCKS = YES;
				GCC_OPTIMIZATION_LEVEL = 0;
				GCC_PREPROCESSOR_DEFINITIONS = (
					"DEBUG=1",
					"$(inherited)",
				);
				GCC_WARN_64_TO_32_BIT_CONVERSION = YES;
				GCC_WARN_ABOUT_RETURN_TYPE = YES_ERROR;
				GCC_WARN_UNDECLARED_SELECTOR = YES;
				GCC_WARN_UNINITIALIZED_AUTOS = YES_AGGRESSIVE;
				GCC_WARN_UNUSED_FUNCTION = YES;
				GCC_WARN_UNUSED_VARIABLE = YES;
				MTL_ENABLE_DEBUG_INFO = INCLUDE_SOURCE;
				MTL_FAST_MATH = YES;
				ONLY_ACTIVE_ARCH = YES;
				SWIFT_ACTIVE_COMPILATION_CONDITIONS = DEBUG;
				SWIFT_OPTIMIZATION_LEVEL = "-Onone";
			};
			name = Debug;
		};
		331D963C29734E8F006ED62A /* Release */ = {
			isa = XCBuildConfiguration;
			buildSettings = {
				ALWAYS_SEARCH_USER_PATHS = NO;
				CLANG_ANALYZER_NONNULL = YES;
				CLANG_ANALYZER_NUMBER_OBJECT_CONVERSION = YES_AGGRESSIVE;
				CLANG_CXX_LANGUAGE_STANDARD = "gnu++20";
				CLANG_ENABLE_MODULES = YES;
				CLANG_ENABLE_OBJC_ARC = YES;
				CLANG_ENABLE_OBJC_WEAK = YES;
				CLANG_WARN_BLOCK_CAPTURE_AUTORELEASING = YES;
				CLANG_WARN_BOOL_CONVERSION = YES;
				CLANG_WARN_COMMA = YES;
				CLANG_WARN_CONSTANT_CONVERSION = YES;
				CLANG_WARN_DEPRECATED_OBJC_IMPLEMENTATIONS = YES;
				CLANG_WARN_DIRECT_OBJC_ISA_USAGE = YES_ERROR;
				CLANG_WARN_DOCUMENTATION_COMMENTS = YES;
				CLANG_WARN_EMPTY_BODY = YES;
				CLANG_WARN_ENUM_CONVERSION = YES;
				CLANG_WARN_INFINITE_RECURSION = YES;
				CLANG_WARN_INT_CONVERSION = YES;
				CLANG_WARN_NON_LITERAL_NULL_CONVERSION = YES;
				CLANG_WARN_OBJC_IMPLICIT_RETAIN_SELF = YES;
				CLANG_WARN_OBJC_LITERAL_CONVERSION = YES;
				CLANG_WARN_OBJC_ROOT_CLASS = YES_ERROR;
				CLANG_WARN_QUOTED_INCLUDE_IN_FRAMEWORK_HEADER = YES;
				CLANG_WARN_RANGE_LOOP_ANALYSIS = YES;
				CLANG_WARN_STRICT_PROTOTYPES = YES;
				CLANG_WARN_SUSPICIOUS_MOVE = YES;
				CLANG_WARN_UNGUARDED_AVAILABILITY = YES_AGGRESSIVE;
				CLANG_WARN_UNREACHABLE_CODE = YES;
				CLANG_WARN__DUPLICATE_METHOD_MATCH = YES;
				COPY_PHASE_STRIP = NO;
				DEBUG_INFORMATION_FORMAT = "dwarf-with-dsym";
				ENABLE_NS_ASSERTIONS = NO;
				ENABLE_STRICT_OBJC_MSGSEND = YES;
				GCC_C_LANGUAGE_STANDARD = gnu11;
				GCC_NO_COMMON_BLOCKS = YES;
				GCC_WARN_64_TO_32_BIT_CONVERSION = YES;
				GCC_WARN_ABOUT_RETURN_TYPE = YES_ERROR;
				GCC_WARN_UNDECLARED_SELECTOR = YES;
				GCC_WARN_UNINITIALIZED_AUTOS = YES_AGGRESSIVE;
				GCC_WARN_UNUSED_FUNCTION = YES;
				GCC_WARN_UNUSED_VARIABLE = YES;
				MTL_ENABLE_DEBUG_INFO = NO;
				MTL_FAST_MATH = YES;
				SWIFT_COMPILATION_MODE = wholemodule;
				SWIFT_OPTIMIZATION_LEVEL = "-O";
			};
			name = Release;
		};
		331D963E29734E8F006ED62A /* Debug */ = {
			isa = XCBuildConfiguration;
			buildSettings = {
				ASSETCATALOG_COMPILER_APPICON_NAME = AppIcon;
				ASSETCATALOG_COMPILER_GLOBAL_ACCENT_COLOR_NAME = AccentColor;
				CODE_SIGN_ENTITLEMENTS = PrayerApp/PrayerApp.entitlements;
				CODE_SIGN_STYLE = Automatic;
				CURRENT_PROJECT_VERSION = 1;
				DEVELOPMENT_ASSET_PATHS = "\"PrayerApp/Preview Content\"";
				ENABLE_PREVIEWS = YES;
				GENERATE_INFOPLIST_FILE = YES;
				"INFOPLIST_KEY_UIApplicationSceneManifest_Generation[sdk=iphoneos*]" = YES;
				"INFOPLIST_KEY_UIApplicationSceneManifest_Generation[sdk=iphonesimulator*]" = YES;
				"INFOPLIST_KEY_UIApplicationSupportsIndirectInputEvents[sdk=iphoneos*]" = YES;
				"INFOPLIST_KEY_UIApplicationSupportsIndirectInputEvents[sdk=iphonesimulator*]" = YES;
				"INFOPLIST_KEY_UILaunchScreen_Generation[sdk=iphoneos*]" = YES;
				"INFOPLIST_KEY_UILaunchScreen_Generation[sdk=iphonesimulator*]" = YES;
				"INFOPLIST_KEY_UIStatusBarStyle[sdk=iphoneos*]" = UIStatusBarStyleDefault;
				"INFOPLIST_KEY_UIStatusBarStyle[sdk=iphonesimulator*]" = UIStatusBarStyleDefault;
				INFOPLIST_KEY_UISupportedInterfaceOrientations_iPad = "UIInterfaceOrientationPortrait UIInterfaceOrientationPortraitUpsideDown UIInterfaceOrientationLandscapeLeft UIInterfaceOrientationLandscapeRight";
				INFOPLIST_KEY_UISupportedInterfaceOrientations_iPhone = "UIInterfaceOrientationPortrait UIInterfaceOrientationLandscapeLeft UIInterfaceOrientationLandscapeRight";
				IPHONEOS_DEPLOYMENT_TARGET = 16.2;
				LD_RUNPATH_SEARCH_PATHS = "@executable_path/Frameworks";
				"LD_RUNPATH_SEARCH_PATHS[sdk=macosx*]" = "@executable_path/../Frameworks";
				MACOSX_DEPLOYMENT_TARGET = 13.0;
				MARKETING_VERSION = 1.0;
				PRODUCT_BUNDLE_IDENTIFIER = Reinholz.PrayerApp;
				PRODUCT_NAME = "$(TARGET_NAME)";
				SDKROOT = auto;
				SUPPORTED_PLATFORMS = "iphoneos iphonesimulator macosx";
				SWIFT_EMIT_LOC_STRINGS = YES;
				SWIFT_VERSION = 5.0;
				TARGETED_DEVICE_FAMILY = "1,2";
			};
			name = Debug;
		};
		331D963F29734E8F006ED62A /* Release */ = {
			isa = XCBuildConfiguration;
			buildSettings = {
				ASSETCATALOG_COMPILER_APPICON_NAME = AppIcon;
				ASSETCATALOG_COMPILER_GLOBAL_ACCENT_COLOR_NAME = AccentColor;
				CODE_SIGN_ENTITLEMENTS = PrayerApp/PrayerApp.entitlements;
				CODE_SIGN_STYLE = Automatic;
				CURRENT_PROJECT_VERSION = 1;
				DEVELOPMENT_ASSET_PATHS = "\"PrayerApp/Preview Content\"";
				ENABLE_PREVIEWS = YES;
				GENERATE_INFOPLIST_FILE = YES;
				"INFOPLIST_KEY_UIApplicationSceneManifest_Generation[sdk=iphoneos*]" = YES;
				"INFOPLIST_KEY_UIApplicationSceneManifest_Generation[sdk=iphonesimulator*]" = YES;
				"INFOPLIST_KEY_UIApplicationSupportsIndirectInputEvents[sdk=iphoneos*]" = YES;
				"INFOPLIST_KEY_UIApplicationSupportsIndirectInputEvents[sdk=iphonesimulator*]" = YES;
				"INFOPLIST_KEY_UILaunchScreen_Generation[sdk=iphoneos*]" = YES;
				"INFOPLIST_KEY_UILaunchScreen_Generation[sdk=iphonesimulator*]" = YES;
				"INFOPLIST_KEY_UIStatusBarStyle[sdk=iphoneos*]" = UIStatusBarStyleDefault;
				"INFOPLIST_KEY_UIStatusBarStyle[sdk=iphonesimulator*]" = UIStatusBarStyleDefault;
				INFOPLIST_KEY_UISupportedInterfaceOrientations_iPad = "UIInterfaceOrientationPortrait UIInterfaceOrientationPortraitUpsideDown UIInterfaceOrientationLandscapeLeft UIInterfaceOrientationLandscapeRight";
				INFOPLIST_KEY_UISupportedInterfaceOrientations_iPhone = "UIInterfaceOrientationPortrait UIInterfaceOrientationLandscapeLeft UIInterfaceOrientationLandscapeRight";
				IPHONEOS_DEPLOYMENT_TARGET = 16.2;
				LD_RUNPATH_SEARCH_PATHS = "@executable_path/Frameworks";
				"LD_RUNPATH_SEARCH_PATHS[sdk=macosx*]" = "@executable_path/../Frameworks";
				MACOSX_DEPLOYMENT_TARGET = 13.0;
				MARKETING_VERSION = 1.0;
				PRODUCT_BUNDLE_IDENTIFIER = Reinholz.PrayerApp;
				PRODUCT_NAME = "$(TARGET_NAME)";
				SDKROOT = auto;
				SUPPORTED_PLATFORMS = "iphoneos iphonesimulator macosx";
				SWIFT_EMIT_LOC_STRINGS = YES;
				SWIFT_VERSION = 5.0;
				TARGETED_DEVICE_FAMILY = "1,2";
			};
			name = Release;
		};
		331D964129734E8F006ED62A /* Debug */ = {
			isa = XCBuildConfiguration;
			buildSettings = {
				ALWAYS_EMBED_SWIFT_STANDARD_LIBRARIES = YES;
				BUNDLE_LOADER = "$(TEST_HOST)";
				CODE_SIGN_STYLE = Automatic;
				CURRENT_PROJECT_VERSION = 1;
				GENERATE_INFOPLIST_FILE = YES;
				IPHONEOS_DEPLOYMENT_TARGET = 16.2;
				MACOSX_DEPLOYMENT_TARGET = 13.0;
				MARKETING_VERSION = 1.0;
				PRODUCT_BUNDLE_IDENTIFIER = Reinholz.PrayerAppTests;
				PRODUCT_NAME = "$(TARGET_NAME)";
				SDKROOT = auto;
				SUPPORTED_PLATFORMS = "iphoneos iphonesimulator macosx";
				SWIFT_EMIT_LOC_STRINGS = NO;
				SWIFT_VERSION = 5.0;
				TARGETED_DEVICE_FAMILY = "1,2";
				TEST_HOST = "$(BUILT_PRODUCTS_DIR)/PrayerApp.app/$(BUNDLE_EXECUTABLE_FOLDER_PATH)/PrayerApp";
			};
			name = Debug;
		};
		331D964229734E8F006ED62A /* Release */ = {
			isa = XCBuildConfiguration;
			buildSettings = {
				ALWAYS_EMBED_SWIFT_STANDARD_LIBRARIES = YES;
				BUNDLE_LOADER = "$(TEST_HOST)";
				CODE_SIGN_STYLE = Automatic;
				CURRENT_PROJECT_VERSION = 1;
				GENERATE_INFOPLIST_FILE = YES;
				IPHONEOS_DEPLOYMENT_TARGET = 16.2;
				MACOSX_DEPLOYMENT_TARGET = 13.0;
				MARKETING_VERSION = 1.0;
				PRODUCT_BUNDLE_IDENTIFIER = Reinholz.PrayerAppTests;
				PRODUCT_NAME = "$(TARGET_NAME)";
				SDKROOT = auto;
				SUPPORTED_PLATFORMS = "iphoneos iphonesimulator macosx";
				SWIFT_EMIT_LOC_STRINGS = NO;
				SWIFT_VERSION = 5.0;
				TARGETED_DEVICE_FAMILY = "1,2";
				TEST_HOST = "$(BUILT_PRODUCTS_DIR)/PrayerApp.app/$(BUNDLE_EXECUTABLE_FOLDER_PATH)/PrayerApp";
			};
			name = Release;
		};
		331D964429734E8F006ED62A /* Debug */ = {
			isa = XCBuildConfiguration;
			buildSettings = {
				ALWAYS_EMBED_SWIFT_STANDARD_LIBRARIES = YES;
				CODE_SIGN_STYLE = Automatic;
				CURRENT_PROJECT_VERSION = 1;
				GENERATE_INFOPLIST_FILE = YES;
				IPHONEOS_DEPLOYMENT_TARGET = 16.2;
				MACOSX_DEPLOYMENT_TARGET = 13.0;
				MARKETING_VERSION = 1.0;
				PRODUCT_BUNDLE_IDENTIFIER = Reinholz.PrayerAppUITests;
				PRODUCT_NAME = "$(TARGET_NAME)";
				SDKROOT = auto;
				SUPPORTED_PLATFORMS = "iphoneos iphonesimulator macosx";
				SWIFT_EMIT_LOC_STRINGS = NO;
				SWIFT_VERSION = 5.0;
				TARGETED_DEVICE_FAMILY = "1,2";
				TEST_TARGET_NAME = PrayerApp;
			};
			name = Debug;
		};
		331D964529734E8F006ED62A /* Release */ = {
			isa = XCBuildConfiguration;
			buildSettings = {
				ALWAYS_EMBED_SWIFT_STANDARD_LIBRARIES = YES;
				CODE_SIGN_STYLE = Automatic;
				CURRENT_PROJECT_VERSION = 1;
				GENERATE_INFOPLIST_FILE = YES;
				IPHONEOS_DEPLOYMENT_TARGET = 16.2;
				MACOSX_DEPLOYMENT_TARGET = 13.0;
				MARKETING_VERSION = 1.0;
				PRODUCT_BUNDLE_IDENTIFIER = Reinholz.PrayerAppUITests;
				PRODUCT_NAME = "$(TARGET_NAME)";
				SDKROOT = auto;
				SUPPORTED_PLATFORMS = "iphoneos iphonesimulator macosx";
				SWIFT_EMIT_LOC_STRINGS = NO;
				SWIFT_VERSION = 5.0;
				TARGETED_DEVICE_FAMILY = "1,2";
				TEST_TARGET_NAME = PrayerApp;
			};
			name = Release;
		};
/* End XCBuildConfiguration section */

/* Begin XCConfigurationList section */
		331D961329734E8D006ED62A /* Build configuration list for PBXProject "PrayerApp" */ = {
			isa = XCConfigurationList;
			buildConfigurations = (
				331D963B29734E8F006ED62A /* Debug */,
				331D963C29734E8F006ED62A /* Release */,
			);
			defaultConfigurationIsVisible = 0;
			defaultConfigurationName = Release;
		};
		331D963D29734E8F006ED62A /* Build configuration list for PBXNativeTarget "PrayerApp" */ = {
			isa = XCConfigurationList;
			buildConfigurations = (
				331D963E29734E8F006ED62A /* Debug */,
				331D963F29734E8F006ED62A /* Release */,
			);
			defaultConfigurationIsVisible = 0;
			defaultConfigurationName = Release;
		};
		331D964029734E8F006ED62A /* Build configuration list for PBXNativeTarget "PrayerAppTests" */ = {
			isa = XCConfigurationList;
			buildConfigurations = (
				331D964129734E8F006ED62A /* Debug */,
				331D964229734E8F006ED62A /* Release */,
			);
			defaultConfigurationIsVisible = 0;
			defaultConfigurationName = Release;
		};
		331D964329734E8F006ED62A /* Build configuration list for PBXNativeTarget "PrayerAppUITests" */ = {
			isa = XCConfigurationList;
			buildConfigurations = (
				331D964429734E8F006ED62A /* Debug */,
				331D964529734E8F006ED62A /* Release */,
			);
			defaultConfigurationIsVisible = 0;
			defaultConfigurationName = Release;
		};
/* End XCConfigurationList section */
	};
	rootObject = 331D961029734E8D006ED62A /* Project object */;
}
